
Microsoft Visual Studio Solution File, Format Version 12.00
# Visual Studio Version 17
VisualStudioVersion = 17.4.33213.308
MinimumVisualStudioVersion = 10.0.40219.1
Project("{9A19103F-16F7-4668-BE54-9A1E7A4F7556}") = "SampleTalk", "SampleTalk\SampleTalk.csproj", "{4E5B0F60-0A79-431A-A57D-CEA6AEDA95F5}"
EndProject
Project("{9A19103F-16F7-4668-BE54-9A1E7A4F7556}") = "WpfLib", "WpfLib\WpfLib.csproj", "{C2E84D74-EDF6-45E6-B6D4-4C4BCABD9190}"
EndProject
Project("{9A19103F-16F7-4668-BE54-9A1E7A4F7556}") = "WpfDBConn", "WpfDBConn\WpfDBConn.csproj", "{AA23F756-E8AD-4376-BDE9-C3D10970A600}"
EndProject
Project("{FAE04EC0-301F-11D3-BF4B-00C04F79EFBC}") = "CommonLib", "CommonLib\CommonLib.csproj", "{71FBCE01-92D7-4558-9060-74F72CC5689D}"
EndProject
Global
	GlobalSection(SolutionConfigurationPlatforms) = preSolution
		Debug|Any CPU = Debug|Any CPU
		Release|Any CPU = Release|Any CPU
	EndGlobalSection
	GlobalSection(ProjectConfigurationPlatforms) = postSolution
		{4E5B0F60-0A79-431A-A57D-CEA6AEDA95F5}.Debug|Any CPU.ActiveCfg = Debug|Any CPU
		{4E5B0F60-0A79-431A-A57D-CEA6AEDA95F5}.Debug|Any CPU.Build.0 = Debug|Any CPU
		{4E5B0F60-0A79-431A-A57D-CEA6AEDA95F5}.Release|Any CPU.ActiveCfg = Release|Any CPU
		{4E5B0F60-0A79-431A-A57D-CEA6AEDA95F5}.Release|Any CPU.Build.0 = Release|Any CPU
		{C2E84D74-EDF6-45E6-B6D4-4C4BCABD9190}.Debug|Any CPU.ActiveCfg = Debug|Any CPU
		{C2E84D74-EDF6-45E6-B6D4-4C4BCABD9190}.Debug|Any CPU.Build.0 = Debug|Any CPU
		{C2E84D74-EDF6-45E6-B6D4-4C4BCABD9190}.Release|Any CPU.ActiveCfg = Release|Any CPU
		{C2E84D74-EDF6-45E6-B6D4-4C4BCABD9190}.Release|Any CPU.Build.0 = Release|Any CPU
		{AA23F756-E8AD-4376-BDE9-C3D10970A600}.Debug|Any CPU.ActiveCfg = Debug|Any CPU
		{AA23F756-E8AD-4376-BDE9-C3D10970A600}.Debug|Any CPU.Build.0 = Debug|Any CPU
		{AA23F756-E8AD-4376-BDE9-C3D10970A600}.Release|Any CPU.ActiveCfg = Release|Any CPU
		{AA23F756-E8AD-4376-BDE9-C3D10970A600}.Release|Any CPU.Build.0 = Release|Any CPU
		{71FBCE01-92D7-4558-9060-74F72CC5689D}.Debug|Any CPU.ActiveCfg = Debug|Any CPU
		{71FBCE01-92D7-4558-9060-74F72CC5689D}.Debug|Any CPU.Build.0 = Debug|Any CPU
		{71FBCE01-92D7-4558-9060-74F72CC5689D}.Release|Any CPU.ActiveCfg = Release|Any CPU
		{71FBCE01-92D7-4558-9060-74F72CC5689D}.Release|Any CPU.Build.0 = Release|Any CPU
	EndGlobalSection
	GlobalSection(SolutionProperties) = preSolution
		HideSolutionNode = FALSE
	EndGlobalSection
	GlobalSection(ExtensibilityGlobals) = postSolution
		SolutionGuid = {F4B82462-CD0C-4DA7-BBA5-38A8201DA1EC}
	EndGlobalSection
EndGlobal
